// !$*UTF8*$!
{
	archiveVersion = 1;
	classes = {
	};
	objectVersion = 48;
	objects = {

/* Begin PBXBuildFile section */
		882FF87620447EED00D506A0 /* admin.storyboard in Resources */ = {isa = PBXBuildFile; fileRef = 882FF87520447EED00D506A0 /* admin.storyboard */; };
		88318EB820471D15000E72E1 /* user.to.admin.storyboard in Resources */ = {isa = PBXBuildFile; fileRef = 88318EB720471D15000E72E1 /* user.to.admin.storyboard */; };
		FA2D5DE22028D01200935413 /* AppDelegate.swift in Sources */ = {isa = PBXBuildFile; fileRef = FA2D5DE12028D01200935413 /* AppDelegate.swift */; };
		FA2D5DE42028D01200935413 /* ViewController.swift in Sources */ = {isa = PBXBuildFile; fileRef = FA2D5DE32028D01200935413 /* ViewController.swift */; };
		FA2D5DE72028D01200935413 /* Main.storyboard in Resources */ = {isa = PBXBuildFile; fileRef = FA2D5DE52028D01200935413 /* Main.storyboard */; };
		FA2D5DE92028D01200935413 /* Assets.xcassets in Resources */ = {isa = PBXBuildFile; fileRef = FA2D5DE82028D01200935413 /* Assets.xcassets */; };
		FA2D5DEC2028D01200935413 /* LaunchScreen.storyboard in Resources */ = {isa = PBXBuildFile; fileRef = FA2D5DEA2028D01200935413 /* LaunchScreen.storyboard */; };
		FA2D5DF72028D01300935413 /* SwitchSpeak_iOSTests.swift in Sources */ = {isa = PBXBuildFile; fileRef = FA2D5DF62028D01300935413 /* SwitchSpeak_iOSTests.swift */; };
		FA2D5E022028D01300935413 /* SwitchSpeak_iOSUITests.swift in Sources */ = {isa = PBXBuildFile; fileRef = FA2D5E012028D01300935413 /* SwitchSpeak_iOSUITests.swift */; };
/* End PBXBuildFile section */

/* Begin PBXContainerItemProxy section */
		FA2D5DF32028D01300935413 /* PBXContainerItemProxy */ = {
			isa = PBXContainerItemProxy;
			containerPortal = FA2D5DD62028D01200935413 /* Project object */;
			proxyType = 1;
			remoteGlobalIDString = FA2D5DDD2028D01200935413;
			remoteInfo = "SwitchSpeak-iOS";
		};
		FA2D5DFE2028D01300935413 /* PBXContainerItemProxy */ = {
			isa = PBXContainerItemProxy;
			containerPortal = FA2D5DD62028D01200935413 /* Project object */;
			proxyType = 1;
			remoteGlobalIDString = FA2D5DDD2028D01200935413;
			remoteInfo = "SwitchSpeak-iOS";
		};
/* End PBXContainerItemProxy section */

/* Begin PBXFileReference section */
		882FF87520447EED00D506A0 /* admin.storyboard */ = {isa = PBXFileReference; lastKnownFileType = file.storyboard; path = admin.storyboard; sourceTree = "<group>"; };
		88318EB720471D15000E72E1 /* user.to.admin.storyboard */ = {isa = PBXFileReference; lastKnownFileType = file.storyboard; path = user.to.admin.storyboard; sourceTree = "<group>"; };
		FA2D5DDE2028D01200935413 /* SwitchSpeak-iOS.app */ = {isa = PBXFileReference; explicitFileType = wrapper.application; includeInIndex = 0; path = "SwitchSpeak-iOS.app"; sourceTree = BUILT_PRODUCTS_DIR; };
		FA2D5DE12028D01200935413 /* AppDelegate.swift */ = {isa = PBXFileReference; lastKnownFileType = sourcecode.swift; path = AppDelegate.swift; sourceTree = "<group>"; };
		FA2D5DE32028D01200935413 /* ViewController.swift */ = {isa = PBXFileReference; lastKnownFileType = sourcecode.swift; path = ViewController.swift; sourceTree = "<group>"; };
		FA2D5DE62028D01200935413 /* Base */ = {isa = PBXFileReference; lastKnownFileType = file.storyboard; name = Base; path = Base.lproj/Main.storyboard; sourceTree = "<group>"; };
		FA2D5DE82028D01200935413 /* Assets.xcassets */ = {isa = PBXFileReference; lastKnownFileType = folder.assetcatalog; path = Assets.xcassets; sourceTree = "<group>"; };
		FA2D5DEB2028D01200935413 /* Base */ = {isa = PBXFileReference; lastKnownFileType = file.storyboard; name = Base; path = Base.lproj/LaunchScreen.storyboard; sourceTree = "<group>"; };
		FA2D5DED2028D01300935413 /* Info.plist */ = {isa = PBXFileReference; lastKnownFileType = text.plist.xml; path = Info.plist; sourceTree = "<group>"; };
		FA2D5DF22028D01300935413 /* SwitchSpeak-iOSTests.xctest */ = {isa = PBXFileReference; explicitFileType = wrapper.cfbundle; includeInIndex = 0; path = "SwitchSpeak-iOSTests.xctest"; sourceTree = BUILT_PRODUCTS_DIR; };
		FA2D5DF62028D01300935413 /* SwitchSpeak_iOSTests.swift */ = {isa = PBXFileReference; lastKnownFileType = sourcecode.swift; path = SwitchSpeak_iOSTests.swift; sourceTree = "<group>"; };
		FA2D5DF82028D01300935413 /* Info.plist */ = {isa = PBXFileReference; lastKnownFileType = text.plist.xml; path = Info.plist; sourceTree = "<group>"; };
		FA2D5DFD2028D01300935413 /* SwitchSpeak-iOSUITests.xctest */ = {isa = PBXFileReference; explicitFileType = wrapper.cfbundle; includeInIndex = 0; path = "SwitchSpeak-iOSUITests.xctest"; sourceTree = BUILT_PRODUCTS_DIR; };
		FA2D5E012028D01300935413 /* SwitchSpeak_iOSUITests.swift */ = {isa = PBXFileReference; lastKnownFileType = sourcecode.swift; path = SwitchSpeak_iOSUITests.swift; sourceTree = "<group>"; };
		FA2D5E032028D01300935413 /* Info.plist */ = {isa = PBXFileReference; lastKnownFileType = text.plist.xml; path = Info.plist; sourceTree = "<group>"; };
/* End PBXFileReference section */

/* Begin PBXFrameworksBuildPhase section */
		FA2D5DDB2028D01200935413 /* Frameworks */ = {
			isa = PBXFrameworksBuildPhase;
			buildActionMask = 2147483647;
			files = (
			);
			runOnlyForDeploymentPostprocessing = 0;
		};
		FA2D5DEF2028D01300935413 /* Frameworks */ = {
			isa = PBXFrameworksBuildPhase;
			buildActionMask = 2147483647;
			files = (
			);
			runOnlyForDeploymentPostprocessing = 0;
		};
		FA2D5DFA2028D01300935413 /* Frameworks */ = {
			isa = PBXFrameworksBuildPhase;
			buildActionMask = 2147483647;
			files = (
			);
			runOnlyForDeploymentPostprocessing = 0;
		};
/* End PBXFrameworksBuildPhase section */

/* Begin PBXGroup section */
		FA2D5DD52028D01200935413 = {
			isa = PBXGroup;
			children = (
				FA2D5DE02028D01200935413 /* SwitchSpeak-iOS */,
				FA2D5DF52028D01300935413 /* SwitchSpeak-iOSTests */,
				FA2D5E002028D01300935413 /* SwitchSpeak-iOSUITests */,
				FA2D5DDF2028D01200935413 /* Products */,
			);
			sourceTree = "<group>";
		};
		FA2D5DDF2028D01200935413 /* Products */ = {
			isa = PBXGroup;
			children = (
				FA2D5DDE2028D01200935413 /* SwitchSpeak-iOS.app */,
				FA2D5DF22028D01300935413 /* SwitchSpeak-iOSTests.xctest */,
				FA2D5DFD2028D01300935413 /* SwitchSpeak-iOSUITests.xctest */,
			);
			name = Products;
			sourceTree = "<group>";
		};
		FA2D5DE02028D01200935413 /* SwitchSpeak-iOS */ = {
			isa = PBXGroup;
			children = (
				FA2D5DE12028D01200935413 /* AppDelegate.swift */,
				FA2D5DE32028D01200935413 /* ViewController.swift */,
				FA2D5DE52028D01200935413 /* Main.storyboard */,
				FA2D5DE82028D01200935413 /* Assets.xcassets */,
				FA2D5DEA2028D01200935413 /* LaunchScreen.storyboard */,
				FA2D5DED2028D01300935413 /* Info.plist */,
				882FF87520447EED00D506A0 /* admin.storyboard */,
				88318EB720471D15000E72E1 /* user.to.admin.storyboard */,
			);
			path = "SwitchSpeak-iOS";
			sourceTree = "<group>";
		};
		FA2D5DF52028D01300935413 /* SwitchSpeak-iOSTests */ = {
			isa = PBXGroup;
			children = (
				FA2D5DF62028D01300935413 /* SwitchSpeak_iOSTests.swift */,
				FA2D5DF82028D01300935413 /* Info.plist */,
			);
			path = "SwitchSpeak-iOSTests";
			sourceTree = "<group>";
		};
		FA2D5E002028D01300935413 /* SwitchSpeak-iOSUITests */ = {
			isa = PBXGroup;
			children = (
				FA2D5E012028D01300935413 /* SwitchSpeak_iOSUITests.swift */,
				FA2D5E032028D01300935413 /* Info.plist */,
			);
			path = "SwitchSpeak-iOSUITests";
			sourceTree = "<group>";
		};
/* End PBXGroup section */

/* Begin PBXNativeTarget section */
		FA2D5DDD2028D01200935413 /* SwitchSpeak-iOS */ = {
			isa = PBXNativeTarget;
			buildConfigurationList = FA2D5E062028D01300935413 /* Build configuration list for PBXNativeTarget "SwitchSpeak-iOS" */;
			buildPhases = (
				FA2D5DDA2028D01200935413 /* Sources */,
				FA2D5DDB2028D01200935413 /* Frameworks */,
				FA2D5DDC2028D01200935413 /* Resources */,
			);
			buildRules = (
			);
			dependencies = (
			);
			name = "SwitchSpeak-iOS";
			productName = "SwitchSpeak-iOS";
			productReference = FA2D5DDE2028D01200935413 /* SwitchSpeak-iOS.app */;
			productType = "com.apple.product-type.application";
		};
		FA2D5DF12028D01300935413 /* SwitchSpeak-iOSTests */ = {
			isa = PBXNativeTarget;
			buildConfigurationList = FA2D5E092028D01300935413 /* Build configuration list for PBXNativeTarget "SwitchSpeak-iOSTests" */;
			buildPhases = (
				FA2D5DEE2028D01300935413 /* Sources */,
				FA2D5DEF2028D01300935413 /* Frameworks */,
				FA2D5DF02028D01300935413 /* Resources */,
			);
			buildRules = (
			);
			dependencies = (
				FA2D5DF42028D01300935413 /* PBXTargetDependency */,
			);
			name = "SwitchSpeak-iOSTests";
			productName = "SwitchSpeak-iOSTests";
			productReference = FA2D5DF22028D01300935413 /* SwitchSpeak-iOSTests.xctest */;
			productType = "com.apple.product-type.bundle.unit-test";
		};
		FA2D5DFC2028D01300935413 /* SwitchSpeak-iOSUITests */ = {
			isa = PBXNativeTarget;
			buildConfigurationList = FA2D5E0C2028D01300935413 /* Build configuration list for PBXNativeTarget "SwitchSpeak-iOSUITests" */;
			buildPhases = (
				FA2D5DF92028D01300935413 /* Sources */,
				FA2D5DFA2028D01300935413 /* Frameworks */,
				FA2D5DFB2028D01300935413 /* Resources */,
			);
			buildRules = (
			);
			dependencies = (
				FA2D5DFF2028D01300935413 /* PBXTargetDependency */,
			);
			name = "SwitchSpeak-iOSUITests";
			productName = "SwitchSpeak-iOSUITests";
			productReference = FA2D5DFD2028D01300935413 /* SwitchSpeak-iOSUITests.xctest */;
			productType = "com.apple.product-type.bundle.ui-testing";
		};
/* End PBXNativeTarget section */

/* Begin PBXProject section */
		FA2D5DD62028D01200935413 /* Project object */ = {
			isa = PBXProject;
			attributes = {
				LastSwiftUpdateCheck = 0920;
				LastUpgradeCheck = 0920;
				ORGANIZATIONNAME = SwitchSpeak;
				TargetAttributes = {
					FA2D5DDD2028D01200935413 = {
						CreatedOnToolsVersion = 9.2;
						ProvisioningStyle = Automatic;
					};
					FA2D5DF12028D01300935413 = {
						CreatedOnToolsVersion = 9.2;
						ProvisioningStyle = Automatic;
						TestTargetID = FA2D5DDD2028D01200935413;
					};
					FA2D5DFC2028D01300935413 = {
						CreatedOnToolsVersion = 9.2;
						ProvisioningStyle = Automatic;
						TestTargetID = FA2D5DDD2028D01200935413;
					};
				};
			};
			buildConfigurationList = FA2D5DD92028D01200935413 /* Build configuration list for PBXProject "SwitchSpeak-iOS" */;
			compatibilityVersion = "Xcode 8.0";
			developmentRegion = en;
			hasScannedForEncodings = 0;
			knownRegions = (
				en,
				Base,
			);
			mainGroup = FA2D5DD52028D01200935413;
			productRefGroup = FA2D5DDF2028D01200935413 /* Products */;
			projectDirPath = "";
			projectRoot = "";
			targets = (
				FA2D5DDD2028D01200935413 /* SwitchSpeak-iOS */,
				FA2D5DF12028D01300935413 /* SwitchSpeak-iOSTests */,
				FA2D5DFC2028D01300935413 /* SwitchSpeak-iOSUITests */,
			);
		};
/* End PBXProject section */

/* Begin PBXResourcesBuildPhase section */
		FA2D5DDC2028D01200935413 /* Resources */ = {
			isa = PBXResourcesBuildPhase;
			buildActionMask = 2147483647;
			files = (
				882FF87620447EED00D506A0 /* admin.storyboard in Resources */,
				FA2D5DEC2028D01200935413 /* LaunchScreen.storyboard in Resources */,
				FA2D5DE92028D01200935413 /* Assets.xcassets in Resources */,
				FA2D5DE72028D01200935413 /* Main.storyboard in Resources */,
				88318EB820471D15000E72E1 /* user.to.admin.storyboard in Resources */,
			);
			runOnlyForDeploymentPostprocessing = 0;
		};
		FA2D5DF02028D01300935413 /* Resources */ = {
			isa = PBXResourcesBuildPhase;
			buildActionMask = 2147483647;
			files = (
			);
			runOnlyForDeploymentPostprocessing = 0;
		};
		FA2D5DFB2028D01300935413 /* Resources */ = {
			isa = PBXResourcesBuildPhase;
			buildActionMask = 2147483647;
			files = (
			);
			runOnlyForDeploymentPostprocessing = 0;
		};
/* End PBXResourcesBuildPhase section */

/* Begin PBXSourcesBuildPhase section */
		FA2D5DDA2028D01200935413 /* Sources */ = {
			isa = PBXSourcesBuildPhase;
			buildActionMask = 2147483647;
			files = (
				FA2D5DE42028D01200935413 /* ViewController.swift in Sources */,
				FA2D5DE22028D01200935413 /* AppDelegate.swift in Sources */,
			);
			runOnlyForDeploymentPostprocessing = 0;
		};
		FA2D5DEE2028D01300935413 /* Sources */ = {
			isa = PBXSourcesBuildPhase;
			buildActionMask = 2147483647;
			files = (
				FA2D5DF72028D01300935413 /* SwitchSpeak_iOSTests.swift in Sources */,
			);
			runOnlyForDeploymentPostprocessing = 0;
		};
		FA2D5DF92028D01300935413 /* Sources */ = {
			isa = PBXSourcesBuildPhase;
			buildActionMask = 2147483647;
			files = (
				FA2D5E022028D01300935413 /* SwitchSpeak_iOSUITests.swift in Sources */,
			);
			runOnlyForDeploymentPostprocessing = 0;
		};
/* End PBXSourcesBuildPhase section */

/* Begin PBXTargetDependency section */
		FA2D5DF42028D01300935413 /* PBXTargetDependency */ = {
			isa = PBXTargetDependency;
			target = FA2D5DDD2028D01200935413 /* SwitchSpeak-iOS */;
			targetProxy = FA2D5DF32028D01300935413 /* PBXContainerItemProxy */;
		};
		FA2D5DFF2028D01300935413 /* PBXTargetDependency */ = {
			isa = PBXTargetDependency;
			target = FA2D5DDD2028D01200935413 /* SwitchSpeak-iOS */;
			targetProxy = FA2D5DFE2028D01300935413 /* PBXContainerItemProxy */;
		};
/* End PBXTargetDependency section */

/* Begin PBXVariantGroup section */
		FA2D5DE52028D01200935413 /* Main.storyboard */ = {
			isa = PBXVariantGroup;
			children = (
				FA2D5DE62028D01200935413 /* Base */,
			);
			name = Main.storyboard;
			sourceTree = "<group>";
		};
		FA2D5DEA2028D01200935413 /* LaunchScreen.storyboard */ = {
			isa = PBXVariantGroup;
			children = (
				FA2D5DEB2028D01200935413 /* Base */,
			);
			name = LaunchScreen.storyboard;
			sourceTree = "<group>";
		};
/* End PBXVariantGroup section */

/* Begin XCBuildConfiguration section */
		FA2D5E042028D01300935413 /* Debug */ = {
			isa = XCBuildConfiguration;
			buildSettings = {
				ALWAYS_SEARCH_USER_PATHS = NO;
				CLANG_ANALYZER_NONNULL = YES;
				CLANG_ANALYZER_NUMBER_OBJECT_CONVERSION = YES_AGGRESSIVE;
				CLANG_CXX_LANGUAGE_STANDARD = "gnu++14";
				CLANG_CXX_LIBRARY = "libc++";
				CLANG_ENABLE_MODULES = YES;
				CLANG_ENABLE_OBJC_ARC = YES;
				CLANG_WARN_BLOCK_CAPTURE_AUTORELEASING = YES;
				CLANG_WARN_BOOL_CONVERSION = YES;
				CLANG_WARN_COMMA = YES;
				CLANG_WARN_CONSTANT_CONVERSION = YES;
				CLANG_WARN_DIRECT_OBJC_ISA_USAGE = YES_ERROR;
				CLANG_WARN_DOCUMENTATION_COMMENTS = YES;
				CLANG_WARN_EMPTY_BODY = YES;
				CLANG_WARN_ENUM_CONVERSION = YES;
				CLANG_WARN_INFINITE_RECURSION = YES;
				CLANG_WARN_INT_CONVERSION = YES;
				CLANG_WARN_NON_LITERAL_NULL_CONVERSION = YES;
				CLANG_WARN_OBJC_LITERAL_CONVERSION = YES;
				CLANG_WARN_OBJC_ROOT_CLASS = YES_ERROR;
				CLANG_WARN_RANGE_LOOP_ANALYSIS = YES;
				CLANG_WARN_STRICT_PROTOTYPES = YES;
				CLANG_WARN_SUSPICIOUS_MOVE = YES;
				CLANG_WARN_UNGUARDED_AVAILABILITY = YES_AGGRESSIVE;
				CLANG_WARN_UNREACHABLE_CODE = YES;
				CLANG_WARN__DUPLICATE_METHOD_MATCH = YES;
				CODE_SIGN_IDENTITY = "iPhone Developer";
				COPY_PHASE_STRIP = NO;
				DEBUG_INFORMATION_FORMAT = dwarf;
				ENABLE_STRICT_OBJC_MSGSEND = YES;
				ENABLE_TESTABILITY = YES;
				GCC_C_LANGUAGE_STANDARD = gnu11;
				GCC_DYNAMIC_NO_PIC = NO;
				GCC_NO_COMMON_BLOCKS = YES;
				GCC_OPTIMIZATION_LEVEL = 0;
				GCC_PREPROCESSOR_DEFINITIONS = (
					"DEBUG=1",
					"$(inherited)",
				);
				GCC_WARN_64_TO_32_BIT_CONVERSION = YES;
				GCC_WARN_ABOUT_RETURN_TYPE = YES_ERROR;
				GCC_WARN_UNDECLARED_SELECTOR = YES;
				GCC_WARN_UNINITIALIZED_AUTOS = YES_AGGRESSIVE;
				GCC_WARN_UNUSED_FUNCTION = YES;
				GCC_WARN_UNUSED_VARIABLE = YES;
				IPHONEOS_DEPLOYMENT_TARGET = 11.2;
				MTL_ENABLE_DEBUG_INFO = YES;
				ONLY_ACTIVE_ARCH = YES;
				SDKROOT = iphoneos;
				SWIFT_ACTIVE_COMPILATION_CONDITIONS = DEBUG;
				SWIFT_OPTIMIZATION_LEVEL = "-Onone";
			};
			name = Debug;
		};
		FA2D5E052028D01300935413 /* Release */ = {
			isa = XCBuildConfiguration;
			buildSettings = {
				ALWAYS_SEARCH_USER_PATHS = NO;
				CLANG_ANALYZER_NONNULL = YES;
				CLANG_ANALYZER_NUMBER_OBJECT_CONVERSION = YES_AGGRESSIVE;
				CLANG_CXX_LANGUAGE_STANDARD = "gnu++14";
				CLANG_CXX_LIBRARY = "libc++";
				CLANG_ENABLE_MODULES = YES;
				CLANG_ENABLE_OBJC_ARC = YES;
				CLANG_WARN_BLOCK_CAPTURE_AUTORELEASING = YES;
				CLANG_WARN_BOOL_CONVERSION = YES;
				CLANG_WARN_COMMA = YES;
				CLANG_WARN_CONSTANT_CONVERSION = YES;
				CLANG_WARN_DIRECT_OBJC_ISA_USAGE = YES_ERROR;
				CLANG_WARN_DOCUMENTATION_COMMENTS = YES;
				CLANG_WARN_EMPTY_BODY = YES;
				CLANG_WARN_ENUM_CONVERSION = YES;
				CLANG_WARN_INFINITE_RECURSION = YES;
				CLANG_WARN_INT_CONVERSION = YES;
				CLANG_WARN_NON_LITERAL_NULL_CONVERSION = YES;
				CLANG_WARN_OBJC_LITERAL_CONVERSION = YES;
				CLANG_WARN_OBJC_ROOT_CLASS = YES_ERROR;
				CLANG_WARN_RANGE_LOOP_ANALYSIS = YES;
				CLANG_WARN_STRICT_PROTOTYPES = YES;
				CLANG_WARN_SUSPICIOUS_MOVE = YES;
				CLANG_WARN_UNGUARDED_AVAILABILITY = YES_AGGRESSIVE;
				CLANG_WARN_UNREACHABLE_CODE = YES;
				CLANG_WARN__DUPLICATE_METHOD_MATCH = YES;
				CODE_SIGN_IDENTITY = "iPhone Developer";
				COPY_PHASE_STRIP = NO;
				DEBUG_INFORMATION_FORMAT = "dwarf-with-dsym";
				ENABLE_NS_ASSERTIONS = NO;
				ENABLE_STRICT_OBJC_MSGSEND = YES;
				GCC_C_LANGUAGE_STANDARD = gnu11;
				GCC_NO_COMMON_BLOCKS = YES;
				GCC_WARN_64_TO_32_BIT_CONVERSION = YES;
				GCC_WARN_ABOUT_RETURN_TYPE = YES_ERROR;
				GCC_WARN_UNDECLARED_SELECTOR = YES;
				GCC_WARN_UNINITIALIZED_AUTOS = YES_AGGRESSIVE;
				GCC_WARN_UNUSED_FUNCTION = YES;
				GCC_WARN_UNUSED_VARIABLE = YES;
				IPHONEOS_DEPLOYMENT_TARGET = 11.2;
				MTL_ENABLE_DEBUG_INFO = NO;
				SDKROOT = iphoneos;
				SWIFT_OPTIMIZATION_LEVEL = "-Owholemodule";
				VALIDATE_PRODUCT = YES;
			};
			name = Release;
		};
		FA2D5E072028D01300935413 /* Debug */ = {
			isa = XCBuildConfiguration;
			buildSettings = {
				ASSETCATALOG_COMPILER_APPICON_NAME = AppIcon;
				CODE_SIGN_STYLE = Automatic;
				INFOPLIST_FILE = "SwitchSpeak-iOS/Info.plist";
				LD_RUNPATH_SEARCH_PATHS = "$(inherited) @executable_path/Frameworks";
				PRODUCT_BUNDLE_IDENTIFIER = org.switchspeak.SwitchSpeak;
				PRODUCT_NAME = "$(TARGET_NAME)";
				SWIFT_VERSION = 4.0;
				TARGETED_DEVICE_FAMILY = 2;
			};
			name = Debug;
		};
		FA2D5E082028D01300935413 /* Release */ = {
			isa = XCBuildConfiguration;
			buildSettings = {
				ASSETCATALOG_COMPILER_APPICON_NAME = AppIcon;
				CODE_SIGN_STYLE = Automatic;
				INFOPLIST_FILE = "SwitchSpeak-iOS/Info.plist";
				LD_RUNPATH_SEARCH_PATHS = "$(inherited) @executable_path/Frameworks";
				PRODUCT_BUNDLE_IDENTIFIER = org.switchspeak.SwitchSpeak;
				PRODUCT_NAME = "$(TARGET_NAME)";
				SWIFT_VERSION = 4.0;
				TARGETED_DEVICE_FAMILY = 2;
			};
			name = Release;
		};
		FA2D5E0A2028D01300935413 /* Debug */ = {
			isa = XCBuildConfiguration;
			buildSettings = {
				ALWAYS_EMBED_SWIFT_STANDARD_LIBRARIES = YES;
				BUNDLE_LOADER = "$(TEST_HOST)";
				CODE_SIGN_STYLE = Automatic;
				INFOPLIST_FILE = "SwitchSpeak-iOSTests/Info.plist";
				LD_RUNPATH_SEARCH_PATHS = "$(inherited) @executable_path/Frameworks @loader_path/Frameworks";
				PRODUCT_BUNDLE_IDENTIFIER = "switchspeak.SwitchSpeak-iOSTests";
				PRODUCT_NAME = "$(TARGET_NAME)";
				SWIFT_VERSION = 4.0;
				TARGETED_DEVICE_FAMILY = "1,2";
				TEST_HOST = "$(BUILT_PRODUCTS_DIR)/SwitchSpeak-iOS.app/SwitchSpeak-iOS";
			};
			name = Debug;
		};
		FA2D5E0B2028D01300935413 /* Release */ = {
			isa = XCBuildConfiguration;
			buildSettings = {
				ALWAYS_EMBED_SWIFT_STANDARD_LIBRARIES = YES;
				BUNDLE_LOADER = "$(TEST_HOST)";
				CODE_SIGN_STYLE = Automatic;
				INFOPLIST_FILE = "SwitchSpeak-iOSTests/Info.plist";
				LD_RUNPATH_SEARCH_PATHS = "$(inherited) @executable_path/Frameworks @loader_path/Frameworks";
				PRODUCT_BUNDLE_IDENTIFIER = "switchspeak.SwitchSpeak-iOSTests";
				PRODUCT_NAME = "$(TARGET_NAME)";
				SWIFT_VERSION = 4.0;
				TARGETED_DEVICE_FAMILY = "1,2";
				TEST_HOST = "$(BUILT_PRODUCTS_DIR)/SwitchSpeak-iOS.app/SwitchSpeak-iOS";
			};
			name = Release;
		};
		FA2D5E0D2028D01300935413 /* Debug */ = {
			isa = XCBuildConfiguration;
			buildSettings = {
				ALWAYS_EMBED_SWIFT_STANDARD_LIBRARIES = YES;
				CODE_SIGN_STYLE = Automatic;
				INFOPLIST_FILE = "SwitchSpeak-iOSUITests/Info.plist";
				LD_RUNPATH_SEARCH_PATHS = "$(inherited) @executable_path/Frameworks @loader_path/Frameworks";
				PRODUCT_BUNDLE_IDENTIFIER = "switchspeak.SwitchSpeak-iOSUITests";
				PRODUCT_NAME = "$(TARGET_NAME)";
				SWIFT_VERSION = 4.0;
				TARGETED_DEVICE_FAMILY = "1,2";
				TEST_TARGET_NAME = "SwitchSpeak-iOS";
			};
			name = Debug;
		};
		FA2D5E0E2028D01300935413 /* Release */ = {
			isa = XCBuildConfiguration;
			buildSettings = {
				ALWAYS_EMBED_SWIFT_STANDARD_LIBRARIES = YES;
				CODE_SIGN_STYLE = Automatic;
				INFOPLIST_FILE = "SwitchSpeak-iOSUITests/Info.plist";
				LD_RUNPATH_SEARCH_PATHS = "$(inherited) @executable_path/Frameworks @loader_path/Frameworks";
				PRODUCT_BUNDLE_IDENTIFIER = "switchspeak.SwitchSpeak-iOSUITests";
				PRODUCT_NAME = "$(TARGET_NAME)";
				SWIFT_VERSION = 4.0;
				TARGETED_DEVICE_FAMILY = "1,2";
				TEST_TARGET_NAME = "SwitchSpeak-iOS";
			};
			name = Release;
		};
/* End XCBuildConfiguration section */

/* Begin XCConfigurationList section */
		FA2D5DD92028D01200935413 /* Build configuration list for PBXProject "SwitchSpeak-iOS" */ = {
			isa = XCConfigurationList;
			buildConfigurations = (
				FA2D5E042028D01300935413 /* Debug */,
				FA2D5E052028D01300935413 /* Release */,
			);
			defaultConfigurationIsVisible = 0;
			defaultConfigurationName = Release;
		};
		FA2D5E062028D01300935413 /* Build configuration list for PBXNativeTarget "SwitchSpeak-iOS" */ = {
			isa = XCConfigurationList;
			buildConfigurations = (
				FA2D5E072028D01300935413 /* Debug */,
				FA2D5E082028D01300935413 /* Release */,
			);
			defaultConfigurationIsVisible = 0;
			defaultConfigurationName = Release;
		};
		FA2D5E092028D01300935413 /* Build configuration list for PBXNativeTarget "SwitchSpeak-iOSTests" */ = {
			isa = XCConfigurationList;
			buildConfigurations = (
				FA2D5E0A2028D01300935413 /* Debug */,
				FA2D5E0B2028D01300935413 /* Release */,
			);
			defaultConfigurationIsVisible = 0;
			defaultConfigurationName = Release;
		};
		FA2D5E0C2028D01300935413 /* Build configuration list for PBXNativeTarget "SwitchSpeak-iOSUITests" */ = {
			isa = XCConfigurationList;
			buildConfigurations = (
				FA2D5E0D2028D01300935413 /* Debug */,
				FA2D5E0E2028D01300935413 /* Release */,
			);
			defaultConfigurationIsVisible = 0;
			defaultConfigurationName = Release;
		};
/* End XCConfigurationList section */
	};
	rootObject = FA2D5DD62028D01200935413 /* Project object */;
}
